// !$*UTF8*$!
{
	archiveVersion = 1;
	classes = {
	};
	objectVersion = 50;
	objects = {

/* Begin PBXBuildFile section */
		E9898C8429B07323004CE998 /* SMProtocol.h in Headers */ = {isa = PBXBuildFile; fileRef = E9898C8329B0731B004CE998 /* SMProtocol.h */; settings = {ATTRIBUTES = (Public, ); }; };
		E99F06A629B4F6D7005A2FE9 /* SMMetronome.m in Sources */ = {isa = PBXBuildFile; fileRef = E99F06A029B4F6D7005A2FE9 /* SMMetronome.m */; };
		E99F06A729B4F6D7005A2FE9 /* SMMetronome.h in Headers */ = {isa = PBXBuildFile; fileRef = E99F06A129B4F6D7005A2FE9 /* SMMetronome.h */; settings = {ATTRIBUTES = (Public, ); }; };
		E99F06A829B4F6D7005A2FE9 /* SMRunner.h in Headers */ = {isa = PBXBuildFile; fileRef = E99F06A229B4F6D7005A2FE9 /* SMRunner.h */; settings = {ATTRIBUTES = (Public, ); }; };
		E99F06A929B4F6D7005A2FE9 /* SMRunner.m in Sources */ = {isa = PBXBuildFile; fileRef = E99F06A329B4F6D7005A2FE9 /* SMRunner.m */; };
		E99F06AA29B4F6D7005A2FE9 /* SMThread.h in Headers */ = {isa = PBXBuildFile; fileRef = E99F06A429B4F6D7005A2FE9 /* SMThread.h */; settings = {ATTRIBUTES = (Public, ); }; };
		E99F06AB29B4F6D7005A2FE9 /* SMThread.m in Sources */ = {isa = PBXBuildFile; fileRef = E99F06A529B4F6D7005A2FE9 /* SMThread.m */; };
		E9AFAA7A223105F0001F95C6 /* FiniteStateMachine.framework in Frameworks */ = {isa = PBXBuildFile; fileRef = E9AFAA70223105F0001F95C6 /* FiniteStateMachine.framework */; };
		E9AFAA7F223105F0001F95C6 /* FiniteStateMachineTests.m in Sources */ = {isa = PBXBuildFile; fileRef = E9AFAA7E223105F0001F95C6 /* FiniteStateMachineTests.m */; };
		E9AFAAA1223105FC001F95C6 /* SMState.m in Sources */ = {isa = PBXBuildFile; fileRef = E9AFAA8B223105FC001F95C6 /* SMState.m */; };
		E9AFAAA2223105FC001F95C6 /* SMMachine.h in Headers */ = {isa = PBXBuildFile; fileRef = E9AFAA8C223105FC001F95C6 /* SMMachine.h */; settings = {ATTRIBUTES = (Public, ); }; };
		E9AFAAA3223105FC001F95C6 /* SMAutoMachine.h in Headers */ = {isa = PBXBuildFile; fileRef = E9AFAA8D223105FC001F95C6 /* SMAutoMachine.h */; settings = {ATTRIBUTES = (Public, ); }; };
		E9AFAAA4223105FC001F95C6 /* SMTransition.m in Sources */ = {isa = PBXBuildFile; fileRef = E9AFAA8E223105FC001F95C6 /* SMTransition.m */; };
		E9AFAAA5223105FC001F95C6 /* SMBlockTransition.h in Headers */ = {isa = PBXBuildFile; fileRef = E9AFAA8F223105FC001F95C6 /* SMBlockTransition.h */; settings = {ATTRIBUTES = (Public, ); }; };
		E9AFAAA6223105FC001F95C6 /* SMFunctionTransition.m in Sources */ = {isa = PBXBuildFile; fileRef = E9AFAA90223105FC001F95C6 /* SMFunctionTransition.m */; };
		E9AFAAA7223105FC001F95C6 /* SMState.h in Headers */ = {isa = PBXBuildFile; fileRef = E9AFAA91223105FC001F95C6 /* SMState.h */; settings = {ATTRIBUTES = (Public, ); }; };
		E9AFAAA8223105FC001F95C6 /* SMAutoMachine.m in Sources */ = {isa = PBXBuildFile; fileRef = E9AFAA92223105FC001F95C6 /* SMAutoMachine.m */; };
		E9AFAAA9223105FC001F95C6 /* SMMachine.m in Sources */ = {isa = PBXBuildFile; fileRef = E9AFAA93223105FC001F95C6 /* SMMachine.m */; };
		E9AFAAAA223105FC001F95C6 /* SMFunctionTransition.h in Headers */ = {isa = PBXBuildFile; fileRef = E9AFAA94223105FC001F95C6 /* SMFunctionTransition.h */; settings = {ATTRIBUTES = (Public, ); }; };
		E9AFAAAB223105FC001F95C6 /* SMBlockTransition.m in Sources */ = {isa = PBXBuildFile; fileRef = E9AFAA95223105FC001F95C6 /* SMBlockTransition.m */; };
		E9AFAAAC223105FC001F95C6 /* SMTransition.h in Headers */ = {isa = PBXBuildFile; fileRef = E9AFAA96223105FC001F95C6 /* SMTransition.h */; settings = {ATTRIBUTES = (Public, ); }; };
		E9AFAAB722310642001F95C6 /* FiniteStateMachine.h in Headers */ = {isa = PBXBuildFile; fileRef = E9AFAAB622310642001F95C6 /* FiniteStateMachine.h */; settings = {ATTRIBUTES = (Public, ); }; };
		E9DD8A7329B607E700010FFE /* sm_transition.c in Sources */ = {isa = PBXBuildFile; fileRef = E9DD8A6829B607E700010FFE /* sm_transition.c */; };
		E9DD8A7429B607E700010FFE /* sm_list.c in Sources */ = {isa = PBXBuildFile; fileRef = E9DD8A6929B607E700010FFE /* sm_list.c */; };
		E9DD8A7529B607E700010FFE /* sm_machine.h in Headers */ = {isa = PBXBuildFile; fileRef = E9DD8A6A29B607E700010FFE /* sm_machine.h */; };
		E9DD8A7629B607E700010FFE /* sm_state.h in Headers */ = {isa = PBXBuildFile; fileRef = E9DD8A6B29B607E700010FFE /* sm_state.h */; };
		E9DD8A7729B607E700010FFE /* sm_delegate.c in Sources */ = {isa = PBXBuildFile; fileRef = E9DD8A6C29B607E700010FFE /* sm_delegate.c */; };
		E9DD8A7829B607E700010FFE /* sm_list.h in Headers */ = {isa = PBXBuildFile; fileRef = E9DD8A6D29B607E700010FFE /* sm_list.h */; };
		E9DD8A7929B607E700010FFE /* sm_machine.c in Sources */ = {isa = PBXBuildFile; fileRef = E9DD8A6E29B607E700010FFE /* sm_machine.c */; };
		E9DD8A7A29B607E700010FFE /* sm_transition.h in Headers */ = {isa = PBXBuildFile; fileRef = E9DD8A6F29B607E700010FFE /* sm_transition.h */; };
		E9DD8A7B29B607E700010FFE /* sm_protocol.h in Headers */ = {isa = PBXBuildFile; fileRef = E9DD8A7029B607E700010FFE /* sm_protocol.h */; };
		E9DD8A7C29B607E700010FFE /* sm_delegate.h in Headers */ = {isa = PBXBuildFile; fileRef = E9DD8A7129B607E700010FFE /* sm_delegate.h */; };
		E9DD8A7D29B607E700010FFE /* sm_state.c in Sources */ = {isa = PBXBuildFile; fileRef = E9DD8A7229B607E700010FFE /* sm_state.c */; };
		E9DD8A8929B607F000010FFE /* ds_base.c in Sources */ = {isa = PBXBuildFile; fileRef = E9DD8A7F29B607F000010FFE /* ds_base.c */; };
		E9DD8A8A29B607F000010FFE /* ds_queue.h in Headers */ = {isa = PBXBuildFile; fileRef = E9DD8A8029B607F000010FFE /* ds_queue.h */; };
		E9DD8A8B29B607F000010FFE /* ds_chain.c in Sources */ = {isa = PBXBuildFile; fileRef = E9DD8A8129B607F000010FFE /* ds_chain.c */; };
		E9DD8A8C29B607F000010FFE /* ds_array.h in Headers */ = {isa = PBXBuildFile; fileRef = E9DD8A8229B607F000010FFE /* ds_array.h */; };
		E9DD8A8D29B607F000010FFE /* ds_stack.h in Headers */ = {isa = PBXBuildFile; fileRef = E9DD8A8329B607F000010FFE /* ds_stack.h */; };
		E9DD8A8E29B607F000010FFE /* ds_queue.c in Sources */ = {isa = PBXBuildFile; fileRef = E9DD8A8429B607F000010FFE /* ds_queue.c */; };
		E9DD8A8F29B607F000010FFE /* ds_base.h in Headers */ = {isa = PBXBuildFile; fileRef = E9DD8A8529B607F000010FFE /* ds_base.h */; };
		E9DD8A9029B607F000010FFE /* ds_chain.h in Headers */ = {isa = PBXBuildFile; fileRef = E9DD8A8629B607F000010FFE /* ds_chain.h */; };
		E9DD8A9129B607F000010FFE /* ds_array.c in Sources */ = {isa = PBXBuildFile; fileRef = E9DD8A8729B607F000010FFE /* ds_array.c */; };
		E9DD8A9229B607F000010FFE /* ds_stack.c in Sources */ = {isa = PBXBuildFile; fileRef = E9DD8A8829B607F000010FFE /* ds_stack.c */; };
/* End PBXBuildFile section */

/* Begin PBXContainerItemProxy section */
		E9AFAA7B223105F0001F95C6 /* PBXContainerItemProxy */ = {
			isa = PBXContainerItemProxy;
			containerPortal = E9AFAA67223105F0001F95C6 /* Project object */;
			proxyType = 1;
			remoteGlobalIDString = E9AFAA6F223105F0001F95C6;
			remoteInfo = FiniteStateMachine;
		};
/* End PBXContainerItemProxy section */

/* Begin PBXFileReference section */
		E9898C8329B0731B004CE998 /* SMProtocol.h */ = {isa = PBXFileReference; fileEncoding = 4; lastKnownFileType = sourcecode.c.h; path = SMProtocol.h; sourceTree = "<group>"; };
		E99F06A029B4F6D7005A2FE9 /* SMMetronome.m */ = {isa = PBXFileReference; fileEncoding = 4; lastKnownFileType = sourcecode.c.objc; path = SMMetronome.m; sourceTree = "<group>"; };
		E99F06A129B4F6D7005A2FE9 /* SMMetronome.h */ = {isa = PBXFileReference; fileEncoding = 4; lastKnownFileType = sourcecode.c.h; path = SMMetronome.h; sourceTree = "<group>"; };
		E99F06A229B4F6D7005A2FE9 /* SMRunner.h */ = {isa = PBXFileReference; fileEncoding = 4; lastKnownFileType = sourcecode.c.h; path = SMRunner.h; sourceTree = "<group>"; };
		E99F06A329B4F6D7005A2FE9 /* SMRunner.m */ = {isa = PBXFileReference; fileEncoding = 4; lastKnownFileType = sourcecode.c.objc; path = SMRunner.m; sourceTree = "<group>"; };
		E99F06A429B4F6D7005A2FE9 /* SMThread.h */ = {isa = PBXFileReference; fileEncoding = 4; lastKnownFileType = sourcecode.c.h; path = SMThread.h; sourceTree = "<group>"; };
		E99F06A529B4F6D7005A2FE9 /* SMThread.m */ = {isa = PBXFileReference; fileEncoding = 4; lastKnownFileType = sourcecode.c.objc; path = SMThread.m; sourceTree = "<group>"; };
		E9AFAA70223105F0001F95C6 /* FiniteStateMachine.framework */ = {isa = PBXFileReference; explicitFileType = wrapper.framework; includeInIndex = 0; path = FiniteStateMachine.framework; sourceTree = BUILT_PRODUCTS_DIR; };
		E9AFAA74223105F0001F95C6 /* Info.plist */ = {isa = PBXFileReference; lastKnownFileType = text.plist.xml; path = Info.plist; sourceTree = "<group>"; };
		E9AFAA79223105F0001F95C6 /* FiniteStateMachineTests.xctest */ = {isa = PBXFileReference; explicitFileType = wrapper.cfbundle; includeInIndex = 0; path = FiniteStateMachineTests.xctest; sourceTree = BUILT_PRODUCTS_DIR; };
		E9AFAA7E223105F0001F95C6 /* FiniteStateMachineTests.m */ = {isa = PBXFileReference; lastKnownFileType = sourcecode.c.objc; path = FiniteStateMachineTests.m; sourceTree = "<group>"; };
		E9AFAA80223105F0001F95C6 /* Info.plist */ = {isa = PBXFileReference; lastKnownFileType = text.plist.xml; path = Info.plist; sourceTree = "<group>"; };
		E9AFAA8B223105FC001F95C6 /* SMState.m */ = {isa = PBXFileReference; fileEncoding = 4; lastKnownFileType = sourcecode.c.objc; path = SMState.m; sourceTree = "<group>"; };
		E9AFAA8C223105FC001F95C6 /* SMMachine.h */ = {isa = PBXFileReference; fileEncoding = 4; lastKnownFileType = sourcecode.c.h; path = SMMachine.h; sourceTree = "<group>"; };
		E9AFAA8D223105FC001F95C6 /* SMAutoMachine.h */ = {isa = PBXFileReference; fileEncoding = 4; lastKnownFileType = sourcecode.c.h; path = SMAutoMachine.h; sourceTree = "<group>"; };
		E9AFAA8E223105FC001F95C6 /* SMTransition.m */ = {isa = PBXFileReference; fileEncoding = 4; lastKnownFileType = sourcecode.c.objc; path = SMTransition.m; sourceTree = "<group>"; };
		E9AFAA8F223105FC001F95C6 /* SMBlockTransition.h */ = {isa = PBXFileReference; fileEncoding = 4; lastKnownFileType = sourcecode.c.h; path = SMBlockTransition.h; sourceTree = "<group>"; };
		E9AFAA90223105FC001F95C6 /* SMFunctionTransition.m */ = {isa = PBXFileReference; fileEncoding = 4; lastKnownFileType = sourcecode.c.objc; path = SMFunctionTransition.m; sourceTree = "<group>"; };
		E9AFAA91223105FC001F95C6 /* SMState.h */ = {isa = PBXFileReference; fileEncoding = 4; lastKnownFileType = sourcecode.c.h; path = SMState.h; sourceTree = "<group>"; };
		E9AFAA92223105FC001F95C6 /* SMAutoMachine.m */ = {isa = PBXFileReference; fileEncoding = 4; lastKnownFileType = sourcecode.c.objc; path = SMAutoMachine.m; sourceTree = "<group>"; };
		E9AFAA93223105FC001F95C6 /* SMMachine.m */ = {isa = PBXFileReference; fileEncoding = 4; lastKnownFileType = sourcecode.c.objc; path = SMMachine.m; sourceTree = "<group>"; };
		E9AFAA94223105FC001F95C6 /* SMFunctionTransition.h */ = {isa = PBXFileReference; fileEncoding = 4; lastKnownFileType = sourcecode.c.h; path = SMFunctionTransition.h; sourceTree = "<group>"; };
		E9AFAA95223105FC001F95C6 /* SMBlockTransition.m */ = {isa = PBXFileReference; fileEncoding = 4; lastKnownFileType = sourcecode.c.objc; path = SMBlockTransition.m; sourceTree = "<group>"; };
		E9AFAA96223105FC001F95C6 /* SMTransition.h */ = {isa = PBXFileReference; fileEncoding = 4; lastKnownFileType = sourcecode.c.h; path = SMTransition.h; sourceTree = "<group>"; };
		E9AFAAB622310642001F95C6 /* FiniteStateMachine.h */ = {isa = PBXFileReference; fileEncoding = 4; lastKnownFileType = sourcecode.c.h; path = FiniteStateMachine.h; sourceTree = "<group>"; };
		E9DD8A6829B607E700010FFE /* sm_transition.c */ = {isa = PBXFileReference; fileEncoding = 4; lastKnownFileType = sourcecode.c.c; path = sm_transition.c; sourceTree = "<group>"; };
		E9DD8A6929B607E700010FFE /* sm_list.c */ = {isa = PBXFileReference; fileEncoding = 4; lastKnownFileType = sourcecode.c.c; path = sm_list.c; sourceTree = "<group>"; };
		E9DD8A6A29B607E700010FFE /* sm_machine.h */ = {isa = PBXFileReference; fileEncoding = 4; lastKnownFileType = sourcecode.c.h; path = sm_machine.h; sourceTree = "<group>"; };
		E9DD8A6B29B607E700010FFE /* sm_state.h */ = {isa = PBXFileReference; fileEncoding = 4; lastKnownFileType = sourcecode.c.h; path = sm_state.h; sourceTree = "<group>"; };
		E9DD8A6C29B607E700010FFE /* sm_delegate.c */ = {isa = PBXFileReference; fileEncoding = 4; lastKnownFileType = sourcecode.c.c; path = sm_delegate.c; sourceTree = "<group>"; };
		E9DD8A6D29B607E700010FFE /* sm_list.h */ = {isa = PBXFileReference; fileEncoding = 4; lastKnownFileType = sourcecode.c.h; path = sm_list.h; sourceTree = "<group>"; };
		E9DD8A6E29B607E700010FFE /* sm_machine.c */ = {isa = PBXFileReference; fileEncoding = 4; lastKnownFileType = sourcecode.c.c; path = sm_machine.c; sourceTree = "<group>"; };
		E9DD8A6F29B607E700010FFE /* sm_transition.h */ = {isa = PBXFileReference; fileEncoding = 4; lastKnownFileType = sourcecode.c.h; path = sm_transition.h; sourceTree = "<group>"; };
		E9DD8A7029B607E700010FFE /* sm_protocol.h */ = {isa = PBXFileReference; fileEncoding = 4; lastKnownFileType = sourcecode.c.h; path = sm_protocol.h; sourceTree = "<group>"; };
		E9DD8A7129B607E700010FFE /* sm_delegate.h */ = {isa = PBXFileReference; fileEncoding = 4; lastKnownFileType = sourcecode.c.h; path = sm_delegate.h; sourceTree = "<group>"; };
		E9DD8A7229B607E700010FFE /* sm_state.c */ = {isa = PBXFileReference; fileEncoding = 4; lastKnownFileType = sourcecode.c.c; path = sm_state.c; sourceTree = "<group>"; };
		E9DD8A7F29B607F000010FFE /* ds_base.c */ = {isa = PBXFileReference; fileEncoding = 4; lastKnownFileType = sourcecode.c.c; path = ds_base.c; sourceTree = "<group>"; };
		E9DD8A8029B607F000010FFE /* ds_queue.h */ = {isa = PBXFileReference; fileEncoding = 4; lastKnownFileType = sourcecode.c.h; path = ds_queue.h; sourceTree = "<group>"; };
		E9DD8A8129B607F000010FFE /* ds_chain.c */ = {isa = PBXFileReference; fileEncoding = 4; lastKnownFileType = sourcecode.c.c; path = ds_chain.c; sourceTree = "<group>"; };
		E9DD8A8229B607F000010FFE /* ds_array.h */ = {isa = PBXFileReference; fileEncoding = 4; lastKnownFileType = sourcecode.c.h; path = ds_array.h; sourceTree = "<group>"; };
		E9DD8A8329B607F000010FFE /* ds_stack.h */ = {isa = PBXFileReference; fileEncoding = 4; lastKnownFileType = sourcecode.c.h; path = ds_stack.h; sourceTree = "<group>"; };
		E9DD8A8429B607F000010FFE /* ds_queue.c */ = {isa = PBXFileReference; fileEncoding = 4; lastKnownFileType = sourcecode.c.c; path = ds_queue.c; sourceTree = "<group>"; };
		E9DD8A8529B607F000010FFE /* ds_base.h */ = {isa = PBXFileReference; fileEncoding = 4; lastKnownFileType = sourcecode.c.h; path = ds_base.h; sourceTree = "<group>"; };
		E9DD8A8629B607F000010FFE /* ds_chain.h */ = {isa = PBXFileReference; fileEncoding = 4; lastKnownFileType = sourcecode.c.h; path = ds_chain.h; sourceTree = "<group>"; };
		E9DD8A8729B607F000010FFE /* ds_array.c */ = {isa = PBXFileReference; fileEncoding = 4; lastKnownFileType = sourcecode.c.c; path = ds_array.c; sourceTree = "<group>"; };
		E9DD8A8829B607F000010FFE /* ds_stack.c */ = {isa = PBXFileReference; fileEncoding = 4; lastKnownFileType = sourcecode.c.c; path = ds_stack.c; sourceTree = "<group>"; };
/* End PBXFileReference section */

/* Begin PBXFrameworksBuildPhase section */
		E9AFAA6D223105F0001F95C6 /* Frameworks */ = {
			isa = PBXFrameworksBuildPhase;
			buildActionMask = 2147483647;
			files = (
			);
			runOnlyForDeploymentPostprocessing = 0;
		};
		E9AFAA76223105F0001F95C6 /* Frameworks */ = {
			isa = PBXFrameworksBuildPhase;
			buildActionMask = 2147483647;
			files = (
				E9AFAA7A223105F0001F95C6 /* FiniteStateMachine.framework in Frameworks */,
			);
			runOnlyForDeploymentPostprocessing = 0;
		};
/* End PBXFrameworksBuildPhase section */

/* Begin PBXGroup section */
		E99F069F29B4F6A8005A2FE9 /* threading */ = {
			isa = PBXGroup;
			children = (
				E99F06A429B4F6D7005A2FE9 /* SMThread.h */,
				E99F06A529B4F6D7005A2FE9 /* SMThread.m */,
				E99F06A229B4F6D7005A2FE9 /* SMRunner.h */,
				E99F06A329B4F6D7005A2FE9 /* SMRunner.m */,
				E99F06A129B4F6D7005A2FE9 /* SMMetronome.h */,
				E99F06A029B4F6D7005A2FE9 /* SMMetronome.m */,
			);
			path = threading;
			sourceTree = "<group>";
		};
		E9AFAA66223105F0001F95C6 = {
			isa = PBXGroup;
			children = (
				E9DD8A7E29B607F000010FFE /* ds-c */,
				E9DD8A6729B607E700010FFE /* fsm-c */,
				E9AFAA8A223105FC001F95C6 /* fsm-objc */,
				E9AFAA72223105F0001F95C6 /* FiniteStateMachine */,
				E9AFAA7D223105F0001F95C6 /* FiniteStateMachineTests */,
				E9AFAA71223105F0001F95C6 /* Products */,
			);
			sourceTree = "<group>";
		};
		E9AFAA71223105F0001F95C6 /* Products */ = {
			isa = PBXGroup;
			children = (
				E9AFAA70223105F0001F95C6 /* FiniteStateMachine.framework */,
				E9AFAA79223105F0001F95C6 /* FiniteStateMachineTests.xctest */,
			);
			name = Products;
			sourceTree = "<group>";
		};
		E9AFAA72223105F0001F95C6 /* FiniteStateMachine */ = {
			isa = PBXGroup;
			children = (
				E9AFAA74223105F0001F95C6 /* Info.plist */,
			);
			path = FiniteStateMachine;
			sourceTree = "<group>";
		};
		E9AFAA7D223105F0001F95C6 /* FiniteStateMachineTests */ = {
			isa = PBXGroup;
			children = (
				E9AFAA7E223105F0001F95C6 /* FiniteStateMachineTests.m */,
				E9AFAA80223105F0001F95C6 /* Info.plist */,
			);
			path = FiniteStateMachineTests;
			sourceTree = "<group>";
		};
		E9AFAA8A223105FC001F95C6 /* fsm-objc */ = {
			isa = PBXGroup;
			children = (
				E99F069F29B4F6A8005A2FE9 /* threading */,
				E9898C8329B0731B004CE998 /* SMProtocol.h */,
				E9AFAA96223105FC001F95C6 /* SMTransition.h */,
				E9AFAA8E223105FC001F95C6 /* SMTransition.m */,
				E9AFAA94223105FC001F95C6 /* SMFunctionTransition.h */,
				E9AFAA90223105FC001F95C6 /* SMFunctionTransition.m */,
				E9AFAA8F223105FC001F95C6 /* SMBlockTransition.h */,
				E9AFAA95223105FC001F95C6 /* SMBlockTransition.m */,
				E9AFAA91223105FC001F95C6 /* SMState.h */,
				E9AFAA8B223105FC001F95C6 /* SMState.m */,
				E9AFAA8C223105FC001F95C6 /* SMMachine.h */,
				E9AFAA93223105FC001F95C6 /* SMMachine.m */,
				E9AFAA8D223105FC001F95C6 /* SMAutoMachine.h */,
				E9AFAA92223105FC001F95C6 /* SMAutoMachine.m */,
				E9AFAAB622310642001F95C6 /* FiniteStateMachine.h */,
			);
			name = "fsm-objc";
			path = "../fsm-objc";
			sourceTree = "<group>";
		};
		E9DD8A6729B607E700010FFE /* fsm-c */ = {
			isa = PBXGroup;
			children = (
				E9DD8A7029B607E700010FFE /* sm_protocol.h */,
				E9DD8A6D29B607E700010FFE /* sm_list.h */,
				E9DD8A6929B607E700010FFE /* sm_list.c */,
				E9DD8A6F29B607E700010FFE /* sm_transition.h */,
				E9DD8A6829B607E700010FFE /* sm_transition.c */,
				E9DD8A6B29B607E700010FFE /* sm_state.h */,
				E9DD8A7229B607E700010FFE /* sm_state.c */,
				E9DD8A6A29B607E700010FFE /* sm_machine.h */,
				E9DD8A6E29B607E700010FFE /* sm_machine.c */,
				E9DD8A7129B607E700010FFE /* sm_delegate.h */,
				E9DD8A6C29B607E700010FFE /* sm_delegate.c */,
			);
			name = "fsm-c";
			path = "../fsm-c";
			sourceTree = "<group>";
		};
		E9DD8A7E29B607F000010FFE /* ds-c */ = {
			isa = PBXGroup;
			children = (
				E9DD8A8529B607F000010FFE /* ds_base.h */,
				E9DD8A7F29B607F000010FFE /* ds_base.c */,
				E9DD8A8229B607F000010FFE /* ds_array.h */,
				E9DD8A8729B607F000010FFE /* ds_array.c */,
				E9DD8A8029B607F000010FFE /* ds_queue.h */,
				E9DD8A8429B607F000010FFE /* ds_queue.c */,
				E9DD8A8629B607F000010FFE /* ds_chain.h */,
				E9DD8A8129B607F000010FFE /* ds_chain.c */,
				E9DD8A8329B607F000010FFE /* ds_stack.h */,
				E9DD8A8829B607F000010FFE /* ds_stack.c */,
			);
			name = "ds-c";
			path = "../ds-c";
			sourceTree = "<group>";
		};
/* End PBXGroup section */

/* Begin PBXHeadersBuildPhase section */
		E9AFAA6B223105F0001F95C6 /* Headers */ = {
			isa = PBXHeadersBuildPhase;
			buildActionMask = 2147483647;
			files = (
				E99F06A829B4F6D7005A2FE9 /* SMRunner.h in Headers */,
				E9DD8A8C29B607F000010FFE /* ds_array.h in Headers */,
				E9DD8A7B29B607E700010FFE /* sm_protocol.h in Headers */,
				E9AFAAAC223105FC001F95C6 /* SMTransition.h in Headers */,
				E9DD8A8A29B607F000010FFE /* ds_queue.h in Headers */,
				E9DD8A9029B607F000010FFE /* ds_chain.h in Headers */,
				E9AFAAAA223105FC001F95C6 /* SMFunctionTransition.h in Headers */,
				E9DD8A7529B607E700010FFE /* sm_machine.h in Headers */,
				E99F06AA29B4F6D7005A2FE9 /* SMThread.h in Headers */,
				E99F06A729B4F6D7005A2FE9 /* SMMetronome.h in Headers */,
				E9DD8A7629B607E700010FFE /* sm_state.h in Headers */,
				E9AFAAA5223105FC001F95C6 /* SMBlockTransition.h in Headers */,
				E9AFAAA7223105FC001F95C6 /* SMState.h in Headers */,
				E9DD8A7A29B607E700010FFE /* sm_transition.h in Headers */,
				E9DD8A7829B607E700010FFE /* sm_list.h in Headers */,
				E9DD8A8D29B607F000010FFE /* ds_stack.h in Headers */,
				E9DD8A8F29B607F000010FFE /* ds_base.h in Headers */,
				E9AFAAA2223105FC001F95C6 /* SMMachine.h in Headers */,
				E9898C8429B07323004CE998 /* SMProtocol.h in Headers */,
				E9AFAAA3223105FC001F95C6 /* SMAutoMachine.h in Headers */,
				E9DD8A7C29B607E700010FFE /* sm_delegate.h in Headers */,
				E9AFAAB722310642001F95C6 /* FiniteStateMachine.h in Headers */,
			);
			runOnlyForDeploymentPostprocessing = 0;
		};
/* End PBXHeadersBuildPhase section */

/* Begin PBXNativeTarget section */
		E9AFAA6F223105F0001F95C6 /* FiniteStateMachine */ = {
			isa = PBXNativeTarget;
			buildConfigurationList = E9AFAA84223105F0001F95C6 /* Build configuration list for PBXNativeTarget "FiniteStateMachine" */;
			buildPhases = (
				E9AFAA6B223105F0001F95C6 /* Headers */,
				E9AFAA6C223105F0001F95C6 /* Sources */,
				E9AFAA6D223105F0001F95C6 /* Frameworks */,
				E9AFAA6E223105F0001F95C6 /* Resources */,
			);
			buildRules = (
			);
			dependencies = (
			);
			name = FiniteStateMachine;
			productName = FiniteStateMachine;
			productReference = E9AFAA70223105F0001F95C6 /* FiniteStateMachine.framework */;
			productType = "com.apple.product-type.framework";
		};
		E9AFAA78223105F0001F95C6 /* FiniteStateMachineTests */ = {
			isa = PBXNativeTarget;
			buildConfigurationList = E9AFAA87223105F0001F95C6 /* Build configuration list for PBXNativeTarget "FiniteStateMachineTests" */;
			buildPhases = (
				E9AFAA75223105F0001F95C6 /* Sources */,
				E9AFAA76223105F0001F95C6 /* Frameworks */,
				E9AFAA77223105F0001F95C6 /* Resources */,
			);
			buildRules = (
			);
			dependencies = (
				E9AFAA7C223105F0001F95C6 /* PBXTargetDependency */,
			);
			name = FiniteStateMachineTests;
			productName = FiniteStateMachineTests;
			productReference = E9AFAA79223105F0001F95C6 /* FiniteStateMachineTests.xctest */;
			productType = "com.apple.product-type.bundle.unit-test";
		};
/* End PBXNativeTarget section */

/* Begin PBXProject section */
		E9AFAA67223105F0001F95C6 /* Project object */ = {
			isa = PBXProject;
			attributes = {
				LastUpgradeCheck = 1230;
				ORGANIZATIONNAME = "DIM Group";
				TargetAttributes = {
					E9AFAA6F223105F0001F95C6 = {
						CreatedOnToolsVersion = 10.1;
					};
					E9AFAA78223105F0001F95C6 = {
						CreatedOnToolsVersion = 10.1;
					};
				};
			};
			buildConfigurationList = E9AFAA6A223105F0001F95C6 /* Build configuration list for PBXProject "FiniteStateMachine" */;
			compatibilityVersion = "Xcode 9.3";
			developmentRegion = en;
			hasScannedForEncodings = 0;
			knownRegions = (
				en,
				Base,
			);
			mainGroup = E9AFAA66223105F0001F95C6;
			productRefGroup = E9AFAA71223105F0001F95C6 /* Products */;
			projectDirPath = "";
			projectRoot = "";
			targets = (
				E9AFAA6F223105F0001F95C6 /* FiniteStateMachine */,
				E9AFAA78223105F0001F95C6 /* FiniteStateMachineTests */,
			);
		};
/* End PBXProject section */

/* Begin PBXResourcesBuildPhase section */
		E9AFAA6E223105F0001F95C6 /* Resources */ = {
			isa = PBXResourcesBuildPhase;
			buildActionMask = 2147483647;
			files = (
			);
			runOnlyForDeploymentPostprocessing = 0;
		};
		E9AFAA77223105F0001F95C6 /* Resources */ = {
			isa = PBXResourcesBuildPhase;
			buildActionMask = 2147483647;
			files = (
			);
			runOnlyForDeploymentPostprocessing = 0;
		};
/* End PBXResourcesBuildPhase section */

/* Begin PBXSourcesBuildPhase section */
		E9AFAA6C223105F0001F95C6 /* Sources */ = {
			isa = PBXSourcesBuildPhase;
			buildActionMask = 2147483647;
			files = (
				E9DD8A9129B607F000010FFE /* ds_array.c in Sources */,
				E9AFAAA1223105FC001F95C6 /* SMState.m in Sources */,
				E9DD8A7729B607E700010FFE /* sm_delegate.c in Sources */,
				E9DD8A7D29B607E700010FFE /* sm_state.c in Sources */,
				E9DD8A7429B607E700010FFE /* sm_list.c in Sources */,
				E9DD8A9229B607F000010FFE /* ds_stack.c in Sources */,
				E9DD8A7929B607E700010FFE /* sm_machine.c in Sources */,
				E99F06A929B4F6D7005A2FE9 /* SMRunner.m in Sources */,
				E99F06AB29B4F6D7005A2FE9 /* SMThread.m in Sources */,
				E9AFAAA9223105FC001F95C6 /* SMMachine.m in Sources */,
				E99F06A629B4F6D7005A2FE9 /* SMMetronome.m in Sources */,
				E9AFAAA6223105FC001F95C6 /* SMFunctionTransition.m in Sources */,
				E9DD8A8929B607F000010FFE /* ds_base.c in Sources */,
				E9DD8A8E29B607F000010FFE /* ds_queue.c in Sources */,
				E9AFAAA4223105FC001F95C6 /* SMTransition.m in Sources */,
				E9DD8A8B29B607F000010FFE /* ds_chain.c in Sources */,
				E9DD8A7329B607E700010FFE /* sm_transition.c in Sources */,
				E9AFAAA8223105FC001F95C6 /* SMAutoMachine.m in Sources */,
				E9AFAAAB223105FC001F95C6 /* SMBlockTransition.m in Sources */,
			);
			runOnlyForDeploymentPostprocessing = 0;
		};
		E9AFAA75223105F0001F95C6 /* Sources */ = {
			isa = PBXSourcesBuildPhase;
			buildActionMask = 2147483647;
			files = (
				E9AFAA7F223105F0001F95C6 /* FiniteStateMachineTests.m in Sources */,
			);
			runOnlyForDeploymentPostprocessing = 0;
		};
/* End PBXSourcesBuildPhase section */

/* Begin PBXTargetDependency section */
		E9AFAA7C223105F0001F95C6 /* PBXTargetDependency */ = {
			isa = PBXTargetDependency;
			target = E9AFAA6F223105F0001F95C6 /* FiniteStateMachine */;
			targetProxy = E9AFAA7B223105F0001F95C6 /* PBXContainerItemProxy */;
		};
/* End PBXTargetDependency section */

/* Begin XCBuildConfiguration section */
		E9AFAA82223105F0001F95C6 /* Debug */ = {
			isa = XCBuildConfiguration;
			buildSettings = {
				ALWAYS_SEARCH_USER_PATHS = NO;
				CLANG_ANALYZER_NONNULL = YES;
				CLANG_ANALYZER_NUMBER_OBJECT_CONVERSION = YES_AGGRESSIVE;
				CLANG_CXX_LANGUAGE_STANDARD = "gnu++14";
				CLANG_CXX_LIBRARY = "libc++";
				CLANG_ENABLE_MODULES = YES;
				CLANG_ENABLE_OBJC_ARC = YES;
				CLANG_ENABLE_OBJC_WEAK = YES;
				CLANG_WARN_BLOCK_CAPTURE_AUTORELEASING = YES;
				CLANG_WARN_BOOL_CONVERSION = YES;
				CLANG_WARN_COMMA = YES;
				CLANG_WARN_CONSTANT_CONVERSION = YES;
				CLANG_WARN_DEPRECATED_OBJC_IMPLEMENTATIONS = YES;
				CLANG_WARN_DIRECT_OBJC_ISA_USAGE = YES_ERROR;
				CLANG_WARN_DOCUMENTATION_COMMENTS = YES;
				CLANG_WARN_EMPTY_BODY = YES;
				CLANG_WARN_ENUM_CONVERSION = YES;
				CLANG_WARN_INFINITE_RECURSION = YES;
				CLANG_WARN_INT_CONVERSION = YES;
				CLANG_WARN_NON_LITERAL_NULL_CONVERSION = YES;
				CLANG_WARN_OBJC_IMPLICIT_RETAIN_SELF = YES;
				CLANG_WARN_OBJC_LITERAL_CONVERSION = YES;
				CLANG_WARN_OBJC_ROOT_CLASS = YES_ERROR;
				CLANG_WARN_QUOTED_INCLUDE_IN_FRAMEWORK_HEADER = YES;
				CLANG_WARN_RANGE_LOOP_ANALYSIS = YES;
				CLANG_WARN_STRICT_PROTOTYPES = YES;
				CLANG_WARN_SUSPICIOUS_MOVE = YES;
				CLANG_WARN_UNGUARDED_AVAILABILITY = YES_AGGRESSIVE;
				CLANG_WARN_UNREACHABLE_CODE = YES;
				CLANG_WARN__DUPLICATE_METHOD_MATCH = YES;
				CODE_SIGN_IDENTITY = "iPhone Developer";
				COPY_PHASE_STRIP = NO;
				CURRENT_PROJECT_VERSION = 1;
				DEBUG_INFORMATION_FORMAT = dwarf;
				ENABLE_STRICT_OBJC_MSGSEND = YES;
				ENABLE_TESTABILITY = YES;
				GCC_C_LANGUAGE_STANDARD = gnu11;
				GCC_DYNAMIC_NO_PIC = NO;
				GCC_NO_COMMON_BLOCKS = YES;
				GCC_OPTIMIZATION_LEVEL = 0;
				GCC_PREPROCESSOR_DEFINITIONS = (
					"DEBUG=1",
					"$(inherited)",
				);
				GCC_WARN_64_TO_32_BIT_CONVERSION = YES;
				GCC_WARN_ABOUT_RETURN_TYPE = YES_ERROR;
				GCC_WARN_UNDECLARED_SELECTOR = YES;
				GCC_WARN_UNINITIALIZED_AUTOS = YES_AGGRESSIVE;
				GCC_WARN_UNUSED_FUNCTION = YES;
				GCC_WARN_UNUSED_VARIABLE = YES;
				IPHONEOS_DEPLOYMENT_TARGET = 12.0;
				MTL_ENABLE_DEBUG_INFO = INCLUDE_SOURCE;
				MTL_FAST_MATH = YES;
				ONLY_ACTIVE_ARCH = YES;
				SDKROOT = iphoneos;
				VERSIONING_SYSTEM = "apple-generic";
				VERSION_INFO_PREFIX = "";
			};
			name = Debug;
		};
		E9AFAA83223105F0001F95C6 /* Release */ = {
			isa = XCBuildConfiguration;
			buildSettings = {
				ALWAYS_SEARCH_USER_PATHS = NO;
				CLANG_ANALYZER_NONNULL = YES;
				CLANG_ANALYZER_NUMBER_OBJECT_CONVERSION = YES_AGGRESSIVE;
				CLANG_CXX_LANGUAGE_STANDARD = "gnu++14";
				CLANG_CXX_LIBRARY = "libc++";
				CLANG_ENABLE_MODULES = YES;
				CLANG_ENABLE_OBJC_ARC = YES;
				CLANG_ENABLE_OBJC_WEAK = YES;
				CLANG_WARN_BLOCK_CAPTURE_AUTORELEASING = YES;
				CLANG_WARN_BOOL_CONVERSION = YES;
				CLANG_WARN_COMMA = YES;
				CLANG_WARN_CONSTANT_CONVERSION = YES;
				CLANG_WARN_DEPRECATED_OBJC_IMPLEMENTATIONS = YES;
				CLANG_WARN_DIRECT_OBJC_ISA_USAGE = YES_ERROR;
				CLANG_WARN_DOCUMENTATION_COMMENTS = YES;
				CLANG_WARN_EMPTY_BODY = YES;
				CLANG_WARN_ENUM_CONVERSION = YES;
				CLANG_WARN_INFINITE_RECURSION = YES;
				CLANG_WARN_INT_CONVERSION = YES;
				CLANG_WARN_NON_LITERAL_NULL_CONVERSION = YES;
				CLANG_WARN_OBJC_IMPLICIT_RETAIN_SELF = YES;
				CLANG_WARN_OBJC_LITERAL_CONVERSION = YES;
				CLANG_WARN_OBJC_ROOT_CLASS = YES_ERROR;
				CLANG_WARN_QUOTED_INCLUDE_IN_FRAMEWORK_HEADER = YES;
				CLANG_WARN_RANGE_LOOP_ANALYSIS = YES;
				CLANG_WARN_STRICT_PROTOTYPES = YES;
				CLANG_WARN_SUSPICIOUS_MOVE = YES;
				CLANG_WARN_UNGUARDED_AVAILABILITY = YES_AGGRESSIVE;
				CLANG_WARN_UNREACHABLE_CODE = YES;
				CLANG_WARN__DUPLICATE_METHOD_MATCH = YES;
				CODE_SIGN_IDENTITY = "iPhone Developer";
				COPY_PHASE_STRIP = NO;
				CURRENT_PROJECT_VERSION = 1;
				DEBUG_INFORMATION_FORMAT = "dwarf-with-dsym";
				ENABLE_NS_ASSERTIONS = NO;
				ENABLE_STRICT_OBJC_MSGSEND = YES;
				GCC_C_LANGUAGE_STANDARD = gnu11;
				GCC_NO_COMMON_BLOCKS = YES;
				GCC_WARN_64_TO_32_BIT_CONVERSION = YES;
				GCC_WARN_ABOUT_RETURN_TYPE = YES_ERROR;
				GCC_WARN_UNDECLARED_SELECTOR = YES;
				GCC_WARN_UNINITIALIZED_AUTOS = YES_AGGRESSIVE;
				GCC_WARN_UNUSED_FUNCTION = YES;
				GCC_WARN_UNUSED_VARIABLE = YES;
				IPHONEOS_DEPLOYMENT_TARGET = 12.0;
				MTL_ENABLE_DEBUG_INFO = NO;
				MTL_FAST_MATH = YES;
				SDKROOT = iphoneos;
				VALIDATE_PRODUCT = YES;
				VERSIONING_SYSTEM = "apple-generic";
				VERSION_INFO_PREFIX = "";
			};
			name = Release;
		};
		E9AFAA85223105F0001F95C6 /* Debug */ = {
			isa = XCBuildConfiguration;
			buildSettings = {
				CLANG_ENABLE_OBJC_ARC = NO;
				CODE_SIGN_IDENTITY = "";
				CODE_SIGN_STYLE = Automatic;
				DEFINES_MODULE = YES;
				DEVELOPMENT_TEAM = "";
				DYLIB_COMPATIBILITY_VERSION = 1;
				DYLIB_CURRENT_VERSION = 1;
				DYLIB_INSTALL_NAME_BASE = "@rpath";
				INFOPLIST_FILE = FiniteStateMachine/Info.plist;
				INSTALL_PATH = "$(LOCAL_LIBRARY_DIR)/Frameworks";
				IPHONEOS_DEPLOYMENT_TARGET = 12.0;
				LD_RUNPATH_SEARCH_PATHS = (
					"$(inherited)",
					"@executable_path/Frameworks",
					"@loader_path/Frameworks",
				);
				PRODUCT_BUNDLE_IDENTIFIER = DIM.FiniteStateMachine;
				PRODUCT_NAME = "$(TARGET_NAME:c99extidentifier)";
				SKIP_INSTALL = YES;
				TARGETED_DEVICE_FAMILY = "1,2";
			};
			name = Debug;
		};
		E9AFAA86223105F0001F95C6 /* Release */ = {
			isa = XCBuildConfiguration;
			buildSettings = {
				CLANG_ENABLE_OBJC_ARC = NO;
				CODE_SIGN_IDENTITY = "";
				CODE_SIGN_STYLE = Automatic;
				DEFINES_MODULE = YES;
				DEVELOPMENT_TEAM = "";
				DYLIB_COMPATIBILITY_VERSION = 1;
				DYLIB_CURRENT_VERSION = 1;
				DYLIB_INSTALL_NAME_BASE = "@rpath";
				INFOPLIST_FILE = FiniteStateMachine/Info.plist;
				INSTALL_PATH = "$(LOCAL_LIBRARY_DIR)/Frameworks";
				IPHONEOS_DEPLOYMENT_TARGET = 12.0;
				LD_RUNPATH_SEARCH_PATHS = (
					"$(inherited)",
					"@executable_path/Frameworks",
					"@loader_path/Frameworks",
				);
				PRODUCT_BUNDLE_IDENTIFIER = DIM.FiniteStateMachine;
				PRODUCT_NAME = "$(TARGET_NAME:c99extidentifier)";
				SKIP_INSTALL = YES;
				TARGETED_DEVICE_FAMILY = "1,2";
			};
			name = Release;
		};
		E9AFAA88223105F0001F95C6 /* Debug */ = {
			isa = XCBuildConfiguration;
			buildSettings = {
				CODE_SIGN_STYLE = Automatic;
				DEVELOPMENT_TEAM = JUVC7SZJE7;
				INFOPLIST_FILE = FiniteStateMachineTests/Info.plist;
				LD_RUNPATH_SEARCH_PATHS = (
					"$(inherited)",
					"@executable_path/Frameworks",
					"@loader_path/Frameworks",
				);
				PRODUCT_BUNDLE_IDENTIFIER = DIM.FiniteStateMachineTests;
				PRODUCT_NAME = "$(TARGET_NAME)";
				TARGETED_DEVICE_FAMILY = "1,2";
			};
			name = Debug;
		};
		E9AFAA89223105F0001F95C6 /* Release */ = {
			isa = XCBuildConfiguration;
			buildSettings = {
				CODE_SIGN_STYLE = Automatic;
				DEVELOPMENT_TEAM = JUVC7SZJE7;
				INFOPLIST_FILE = FiniteStateMachineTests/Info.plist;
				LD_RUNPATH_SEARCH_PATHS = (
					"$(inherited)",
					"@executable_path/Frameworks",
					"@loader_path/Frameworks",
				);
				PRODUCT_BUNDLE_IDENTIFIER = DIM.FiniteStateMachineTests;
				PRODUCT_NAME = "$(TARGET_NAME)";
				TARGETED_DEVICE_FAMILY = "1,2";
			};
			name = Release;
		};
/* End XCBuildConfiguration section */

/* Begin XCConfigurationList section */
		E9AFAA6A223105F0001F95C6 /* Build configuration list for PBXProject "FiniteStateMachine" */ = {
			isa = XCConfigurationList;
			buildConfigurations = (
				E9AFAA82223105F0001F95C6 /* Debug */,
				E9AFAA83223105F0001F95C6 /* Release */,
			);
			defaultConfigurationIsVisible = 0;
			defaultConfigurationName = Release;
		};
		E9AFAA84223105F0001F95C6 /* Build configuration list for PBXNativeTarget "FiniteStateMachine" */ = {
			isa = XCConfigurationList;
			buildConfigurations = (
				E9AFAA85223105F0001F95C6 /* Debug */,
				E9AFAA86223105F0001F95C6 /* Release */,
			);
			defaultConfigurationIsVisible = 0;
			defaultConfigurationName = Release;
		};
		E9AFAA87223105F0001F95C6 /* Build configuration list for PBXNativeTarget "FiniteStateMachineTests" */ = {
			isa = XCConfigurationList;
			buildConfigurations = (
				E9AFAA88223105F0001F95C6 /* Debug */,
				E9AFAA89223105F0001F95C6 /* Release */,
			);
			defaultConfigurationIsVisible = 0;
			defaultConfigurationName = Release;
		};
/* End XCConfigurationList section */
	};
	rootObject = E9AFAA67223105F0001F95C6 /* Project object */;
}
